
Microsoft Visual Studio Solution File, Format Version 12.00
# Visual Studio Version 17
VisualStudioVersion = 17.8.34525.116
MinimumVisualStudioVersion = 10.0.40219.1
Project("{9A19103F-16F7-4668-BE54-9A1E7A4F7556}") = "ApiUsuario", "ApiUsuario\ApiUsuario.csproj", "{7008C147-41E7-4927-BAB2-A4602D935356}"
EndProject
Project("{9A19103F-16F7-4668-BE54-9A1E7A4F7556}") = "ApiAutenticacion", "ApiAutenticacion\ApiAutenticacion.csproj", "{CDC362BB-4D12-446B-B273-7D93BB568803}"
EndProject
Project("{9A19103F-16F7-4668-BE54-9A1E7A4F7556}") = "WebApp", "WebApp\WebApp.csproj", "{E8D2C18A-FE20-43FC-B8EF-6F979DC2D690}"
EndProject
Project("{9A19103F-16F7-4668-BE54-9A1E7A4F7556}") = "ApiGateway", "ApiGateway\ApiGateway.csproj", "{C81422C6-DA72-49D2-83DA-BFFBE35FF951}"
EndProject
Project("{9A19103F-16F7-4668-BE54-9A1E7A4F7556}") = "ApiGrupo", "ApiGrupo\ApiGrupo.csproj", "{3C7CD98C-059E-401C-81E7-CB4EF5D151A1}"
EndProject
Project("{9A19103F-16F7-4668-BE54-9A1E7A4F7556}") = "ApiComunicacion", "ApiComunicacion\ApiComunicacion.csproj", "{39E3BA7B-17B9-4398-B6AB-35B3B8BC8613}"
EndProject
Project("{FAE04EC0-301F-11D3-BF4B-00C04F79EFBC}") = "ApiAdministracion", "ApiAdministracion\ApiAdministracion.csproj", "{3B219EB4-AB59-4BD4-9A53-10C5999B55C6}"
EndProject
Global
	GlobalSection(SolutionConfigurationPlatforms) = preSolution
		Debug|Any CPU = Debug|Any CPU
		Release|Any CPU = Release|Any CPU
	EndGlobalSection
	GlobalSection(ProjectConfigurationPlatforms) = postSolution
		{7008C147-41E7-4927-BAB2-A4602D935356}.Debug|Any CPU.ActiveCfg = Debug|Any CPU
		{7008C147-41E7-4927-BAB2-A4602D935356}.Debug|Any CPU.Build.0 = Debug|Any CPU
		{7008C147-41E7-4927-BAB2-A4602D935356}.Release|Any CPU.ActiveCfg = Release|Any CPU
		{7008C147-41E7-4927-BAB2-A4602D935356}.Release|Any CPU.Build.0 = Release|Any CPU
		{CDC362BB-4D12-446B-B273-7D93BB568803}.Debug|Any CPU.ActiveCfg = Debug|Any CPU
		{CDC362BB-4D12-446B-B273-7D93BB568803}.Debug|Any CPU.Build.0 = Debug|Any CPU
		{CDC362BB-4D12-446B-B273-7D93BB568803}.Release|Any CPU.ActiveCfg = Release|Any CPU
		{CDC362BB-4D12-446B-B273-7D93BB568803}.Release|Any CPU.Build.0 = Release|Any CPU
		{E8D2C18A-FE20-43FC-B8EF-6F979DC2D690}.Debug|Any CPU.ActiveCfg = Debug|Any CPU
		{E8D2C18A-FE20-43FC-B8EF-6F979DC2D690}.Debug|Any CPU.Build.0 = Debug|Any CPU
		{E8D2C18A-FE20-43FC-B8EF-6F979DC2D690}.Release|Any CPU.ActiveCfg = Release|Any CPU
		{E8D2C18A-FE20-43FC-B8EF-6F979DC2D690}.Release|Any CPU.Build.0 = Release|Any CPU
		{C81422C6-DA72-49D2-83DA-BFFBE35FF951}.Debug|Any CPU.ActiveCfg = Debug|Any CPU
		{C81422C6-DA72-49D2-83DA-BFFBE35FF951}.Debug|Any CPU.Build.0 = Debug|Any CPU
		{C81422C6-DA72-49D2-83DA-BFFBE35FF951}.Release|Any CPU.ActiveCfg = Release|Any CPU
		{C81422C6-DA72-49D2-83DA-BFFBE35FF951}.Release|Any CPU.Build.0 = Release|Any CPU
		{3C7CD98C-059E-401C-81E7-CB4EF5D151A1}.Debug|Any CPU.ActiveCfg = Debug|Any CPU
		{3C7CD98C-059E-401C-81E7-CB4EF5D151A1}.Debug|Any CPU.Build.0 = Debug|Any CPU
		{3C7CD98C-059E-401C-81E7-CB4EF5D151A1}.Release|Any CPU.ActiveCfg = Release|Any CPU
		{3C7CD98C-059E-401C-81E7-CB4EF5D151A1}.Release|Any CPU.Build.0 = Release|Any CPU
		{39E3BA7B-17B9-4398-B6AB-35B3B8BC8613}.Debug|Any CPU.ActiveCfg = Debug|Any CPU
		{39E3BA7B-17B9-4398-B6AB-35B3B8BC8613}.Debug|Any CPU.Build.0 = Debug|Any CPU
		{39E3BA7B-17B9-4398-B6AB-35B3B8BC8613}.Release|Any CPU.ActiveCfg = Release|Any CPU
		{39E3BA7B-17B9-4398-B6AB-35B3B8BC8613}.Release|Any CPU.Build.0 = Release|Any CPU
		{3B219EB4-AB59-4BD4-9A53-10C5999B55C6}.Debug|Any CPU.ActiveCfg = Debug|Any CPU
		{3B219EB4-AB59-4BD4-9A53-10C5999B55C6}.Debug|Any CPU.Build.0 = Debug|Any CPU
		{3B219EB4-AB59-4BD4-9A53-10C5999B55C6}.Release|Any CPU.ActiveCfg = Release|Any CPU
		{3B219EB4-AB59-4BD4-9A53-10C5999B55C6}.Release|Any CPU.Build.0 = Release|Any CPU
	EndGlobalSection
	GlobalSection(SolutionProperties) = preSolution
		HideSolutionNode = FALSE
	EndGlobalSection
	GlobalSection(ExtensibilityGlobals) = postSolution
		SolutionGuid = {BF7A4057-9821-4B2C-8332-5798E77F00A7}
	EndGlobalSection
EndGlobal
